
Microsoft Visual Studio Solution File, Format Version 12.00
# Visual Studio Version 17
VisualStudioVersion = 17.14.36603.0 d17.14
MinimumVisualStudioVersion = 10.0.40219.1
Project("{FAE04EC0-301F-11D3-BF4B-00C04F79EFBC}") = "Estructuras dinámicas lineales", "Estructuras dinámicas lineales\Estructuras dinámicas lineales.csproj", "{0AB27ED2-BD43-4178-81B5-0A6E8679DAD2}"
EndProject
Global
	GlobalSection(SolutionConfigurationPlatforms) = preSolution
		Debug|Any CPU = Debug|Any CPU
		Release|Any CPU = Release|Any CPU
	EndGlobalSection
	GlobalSection(ProjectConfigurationPlatforms) = postSolution
		{0AB27ED2-BD43-4178-81B5-0A6E8679DAD2}.Debug|Any CPU.ActiveCfg = Debug|Any CPU
		{0AB27ED2-BD43-4178-81B5-0A6E8679DAD2}.Debug|Any CPU.Build.0 = Debug|Any CPU
		{0AB27ED2-BD43-4178-81B5-0A6E8679DAD2}.Release|Any CPU.ActiveCfg = Release|Any CPU
		{0AB27ED2-BD43-4178-81B5-0A6E8679DAD2}.Release|Any CPU.Build.0 = Release|Any CPU
	EndGlobalSection
	GlobalSection(SolutionProperties) = preSolution
		HideSolutionNode = FALSE
	EndGlobalSection
	GlobalSection(ExtensibilityGlobals) = postSolution
		SolutionGuid = {ACB15D19-E332-417C-B675-FC4331668FBA}
	EndGlobalSection
EndGlobal
